# THIS IS AN AUTOGENERATED FILE. DO NOT EDIT THIS FILE DIRECTLY.
# yarn lockfile v1


"@fairdatasociety/fairos-js@^1.0.2":
  version "1.0.2"
  resolved "https://registry.yarnpkg.com/@fairdatasociety/fairos-js/-/fairos-js-1.0.2.tgz#4e462df516639798599ecc9cd5cf7fe4c727d09a"
  integrity sha512-IvyCWKSAPXCcGcuo6KELPOUXr7+JxIgnpKlRkkG8P94Rs+aqZua2e2j9N07Dxkajjm6+g3VGRNnNDTAykJmvUw==
  dependencies:
    axios "^0.21.1"
    form-data-encoder "^1.4.0"
    formdata-node "^3.6.3"
    stream "^0.0.2"

axios@^0.21.1:
  version "0.21.4"
  resolved "https://registry.yarnpkg.com/axios/-/axios-0.21.4.tgz#c67b90dc0568e5c1cf2b0b858c43ba28e2eda575"
  integrity sha512-ut5vewkiu8jjGBdqpM44XxjuCjq9LAKeHVmoVfHVzy8eHgxxq8SbAVQNovDA8mVi05kP0Ea/n/UzcSHcTJQfNg==
  dependencies:
    follow-redirects "^1.14.0"

dotenv@^10.0.0:
  version "10.0.0"
  resolved "https://registry.yarnpkg.com/dotenv/-/dotenv-10.0.0.tgz#3d4227b8fb95f81096cdd2b66653fb2c7085ba81"
  integrity sha512-rlBi9d8jpv9Sf1klPjNfFAuWDjKLwTIJJ/VxtoTwIR6hnZxcEOQCZg2oIL3MWBYw5GpUDKOEnND7LXTbIpQ03Q==

emitter-component@^1.1.1:
  version "1.1.1"
  resolved "https://registry.yarnpkg.com/emitter-component/-/emitter-component-1.1.1.tgz#065e2dbed6959bf470679edabeaf7981d1003ab6"
  integrity sha1-Bl4tvtaVm/RwZ57avq95gdEAOrY=

fetch-blob@2.1.2:
  version "2.1.2"
  resolved "https://registry.yarnpkg.com/fetch-blob/-/fetch-blob-2.1.2.tgz#a7805db1361bd44c1ef62bb57fb5fe8ea173ef3c"
  integrity sha512-YKqtUDwqLyfyMnmbw8XD6Q8j9i/HggKtPEI+pZ1+8bvheBu78biSmNaXWusx1TauGqtUUGx/cBb1mKdq2rLYow==

follow-redirects@^1.14.0:
  version "1.14.6"
  resolved "https://registry.yarnpkg.com/follow-redirects/-/follow-redirects-1.14.6.tgz#8cfb281bbc035b3c067d6cd975b0f6ade6e855cd"
  integrity sha512-fhUl5EwSJbbl8AR+uYL2KQDxLkdSjZGR36xy46AO7cOMTrCMON6Sa28FmAnC2tRTDbd/Uuzz3aJBv7EBN7JH8A==

form-data-encoder@1.4.3:
  version "1.4.3"
  resolved "https://registry.yarnpkg.com/form-data-encoder/-/form-data-encoder-1.4.3.tgz#b0975dbe5795676f211c0ff98e473eaf52b0db4a"
  integrity sha512-ARLR/jJaj3+tlKkO7h1uvvjQcD6xCiKyg42hcG5Q4jv8uDa1IMPs81bM3BwI8BrqVEQxF9pX6tx0iLIzAvr31Q==

form-data-encoder@^1.4.0:
  version "1.7.1"
  resolved "https://registry.yarnpkg.com/form-data-encoder/-/form-data-encoder-1.7.1.tgz#ac80660e4f87ee0d3d3c3638b7da8278ddb8ec96"
  integrity sha512-EFRDrsMm/kyqbTQocNvRXMLjc7Es2Vk+IQFx/YW7hkUH1eBl4J1fqiP34l74Yt0pFLCNpc06fkbVk00008mzjg==

formdata-node@^3.6.3:
  version "3.7.0"
  resolved "https://registry.yarnpkg.com/formdata-node/-/formdata-node-3.7.0.tgz#b58942e617639a0ebea57227cfff8332a4020760"
  integrity sha512-O3y7XoWwE4zRvI5e1yVPDHyDGtEgGEI10KxTbQeMbEEt+imR7uxbL5Z4BCaHz5M09d1pkrFaqeYc8beAce4VSw==
  dependencies:
    fetch-blob "2.1.2"
    form-data-encoder "1.4.3"
    node-domexception "1.0.0"

formdata-node@^4.3.1:
  version "4.3.1"
  resolved "https://registry.yarnpkg.com/formdata-node/-/formdata-node-4.3.1.tgz#e7b78a2a51f524ccc483b4d223c89690fd22061d"
  integrity sha512-8xKSa9et4zb+yziWsD/bI+EYjdg1z2p9EpKr+o+Yk12F/wP66bmDdvjj2ZXd2K/MJlR3HBzWnuV7f82jzHRqCA==
  dependencies:
    node-domexception "1.0.0"
    web-streams-polyfill "4.0.0-beta.1"

node-domexception@1.0.0:
  version "1.0.0"
  resolved "https://registry.yarnpkg.com/node-domexception/-/node-domexception-1.0.0.tgz#6888db46a1f71c0b76b3f7555016b63fe64766e5"
  integrity sha512-/jKZoMpw0F8GRwl4/eLROPA3cfcXtLApP0QzLmUT/HuPCZWyB7IY9ZrMeKw2O/nFIqPQB3PVM9aYm0F312AXDQ==

stream@^0.0.2:
  version "0.0.2"
  resolved "https://registry.yarnpkg.com/stream/-/stream-0.0.2.tgz#7f5363f057f6592c5595f00bc80a27f5cec1f0ef"
  integrity sha1-f1Nj8Ff2WSxVlfALyAon9c7B8O8=
  dependencies:
    emitter-component "^1.1.1"

web-streams-polyfill@4.0.0-beta.1:
  version "4.0.0-beta.1"
  resolved "https://registry.yarnpkg.com/web-streams-polyfill/-/web-streams-polyfill-4.0.0-beta.1.tgz#3b19b9817374b7cee06d374ba7eeb3aeb80e8c95"
  integrity sha512-3ux37gEX670UUphBF9AMCq8XM6iQ8Ac6A+DSRRjDoRBm1ufCkaCDdNVbaqq60PsEkdNlLKrGtv/YBP4EJXqNtQ==
